{
  "version": 4,
  "terraform_version": "1.9.0",
  "serial": 9,
  "lineage": "56188dfb-af20-ef20-b565-87097bd24842",
  "outputs": {},
  "resources": [
    {
      "mode": "data",
      "type": "aws_ami",
      "name": "amzlinux",
      "provider": "provider[\"registry.terraform.io/hashicorp/aws\"]",
      "instances": [
        {
          "schema_version": 0,
          "attributes": {
            "architecture": "x86_64",
            "arn": "arn:aws:ec2:us-east-2::image/ami-0649bea3443ede307",
            "block_device_mappings": [
              {
                "device_name": "/dev/xvda",
                "ebs": {
                  "delete_on_termination": "true",
                  "encrypted": "false",
                  "iops": "3000",
                  "snapshot_id": "snap-0f9d9df2e055f0793",
                  "throughput": "125",
                  "volume_size": "8",
                  "volume_type": "gp3"
                },
                "no_device": "",
                "virtual_name": ""
              }
            ],
            "boot_mode": "uefi-preferred",
            "creation_date": "2024-07-05T19:47:35.000Z",
            "deprecation_time": "2024-10-03T19:48:00.000Z",
            "description": "Amazon Linux 2023 AMI 2023.5.20240708.0 x86_64 HVM kernel-6.1",
            "ena_support": true,
            "executable_users": null,
            "filter": [
              {
                "name": "architecture",
                "values": [
                  "x86_64"
                ]
              },
              {
                "name": "name",
                "values": [
                  "al2023-ami-2023.5.20240708.0-kernel-6.1-x86_64"
                ]
              },
              {
                "name": "root-device-type",
                "values": [
                  "ebs"
                ]
              },
              {
                "name": "virtualization-type",
                "values": [
                  "hvm"
                ]
              }
            ],
            "hypervisor": "xen",
            "id": "ami-0649bea3443ede307",
            "image_id": "ami-0649bea3443ede307",
            "image_location": "amazon/al2023-ami-2023.5.20240708.0-kernel-6.1-x86_64",
            "image_owner_alias": "amazon",
            "image_type": "machine",
            "imds_support": "v2.0",
            "include_deprecated": false,
            "kernel_id": "",
            "most_recent": true,
            "name": "al2023-ami-2023.5.20240708.0-kernel-6.1-x86_64",
            "name_regex": null,
            "owner_id": "137112412989",
            "owners": [
              "amazon"
            ],
            "platform": "",
            "platform_details": "Linux/UNIX",
            "product_codes": [],
            "public": true,
            "ramdisk_id": "",
            "root_device_name": "/dev/xvda",
            "root_device_type": "ebs",
            "root_snapshot_id": "snap-0f9d9df2e055f0793",
            "sriov_net_support": "simple",
            "state": "available",
            "state_reason": {
              "code": "UNSET",
              "message": "UNSET"
            },
            "tags": {},
            "timeouts": null,
            "tpm_support": "",
            "usage_operation": "RunInstances",
            "virtualization_type": "hvm"
          },
          "sensitive_attributes": []
        }
      ]
    },
    {
      "mode": "data",
      "type": "aws_ec2_instance_type_offering",
      "name": "t2-micro",
      "provider": "provider[\"registry.terraform.io/hashicorp/aws\"]",
      "instances": [
        {
          "schema_version": 0,
          "attributes": {
            "filter": [
              {
                "name": "instance-type",
                "values": [
                  "t2.micro",
                  "t3.micro"
                ]
              }
            ],
            "id": "t2.micro",
            "instance_type": "t2.micro",
            "location_type": null,
            "preferred_instance_types": [
              "t2.micro"
            ],
            "timeouts": null
          },
          "sensitive_attributes": []
        }
      ]
    },
    {
      "mode": "data",
      "type": "aws_security_group",
      "name": "sg-1",
      "provider": "provider[\"registry.terraform.io/hashicorp/aws\"]",
      "instances": [
        {
          "schema_version": 0,
          "attributes": {
            "arn": "arn:aws:ec2:us-east-2:905418319365:security-group/sg-04f3d07e56a5396f6",
            "description": "ssh and http inboud rule",
            "filter": [
              {
                "name": "tag:Name",
                "values": [
                  "dev_sg"
                ]
              }
            ],
            "id": "sg-04f3d07e56a5396f6",
            "name": "cust_security_group",
            "tags": {
              "Name": "dev_sg"
            },
            "timeouts": null,
            "vpc_id": "vpc-0b354fa5959a8d536"
          },
          "sensitive_attributes": []
        }
      ]
    },
    {
      "mode": "data",
      "type": "aws_subnet",
      "name": "subnet",
      "provider": "provider[\"registry.terraform.io/hashicorp/aws\"]",
      "instances": [
        {
          "schema_version": 0,
          "attributes": {
            "arn": "arn:aws:ec2:us-east-2:905418319365:subnet/subnet-0605f257ff8cdd5cc",
            "assign_ipv6_address_on_creation": false,
            "availability_zone": "us-east-2b",
            "availability_zone_id": "use2-az2",
            "available_ip_address_count": 251,
            "cidr_block": "10.0.0.0/24",
            "customer_owned_ipv4_pool": "",
            "default_for_az": false,
            "enable_dns64": false,
            "enable_lni_at_device_index": 0,
            "enable_resource_name_dns_a_record_on_launch": false,
            "enable_resource_name_dns_aaaa_record_on_launch": false,
            "filter": [
              {
                "name": "tag:Name",
                "values": [
                  "cust_subnet_pub"
                ]
              }
            ],
            "id": "subnet-0605f257ff8cdd5cc",
            "ipv6_cidr_block": "",
            "ipv6_cidr_block_association_id": "",
            "ipv6_native": false,
            "map_customer_owned_ip_on_launch": false,
            "map_public_ip_on_launch": false,
            "outpost_arn": "",
            "owner_id": "905418319365",
            "private_dns_hostname_type_on_launch": "ip-name",
            "state": "available",
            "tags": {
              "Name": "cust_subnet_pub"
            },
            "timeouts": null,
            "vpc_id": "vpc-0b354fa5959a8d536"
          },
          "sensitive_attributes": []
        }
      ]
    },
    {
      "mode": "data",
      "type": "aws_vpc",
      "name": "vpc",
      "provider": "provider[\"registry.terraform.io/hashicorp/aws\"]",
      "instances": [
        {
          "schema_version": 0,
          "attributes": {
            "arn": "arn:aws:ec2:us-east-2:905418319365:vpc/vpc-0b354fa5959a8d536",
            "cidr_block": "10.0.0.0/16",
            "cidr_block_associations": [
              {
                "association_id": "vpc-cidr-assoc-05d4554561f25b4f8",
                "cidr_block": "10.0.0.0/16",
                "state": "associated"
              }
            ],
            "default": false,
            "dhcp_options_id": "dopt-085a0c1c4560e2a44",
            "enable_dns_hostnames": false,
            "enable_dns_support": true,
            "enable_network_address_usage_metrics": false,
            "filter": [
              {
                "name": "tag:Name",
                "values": [
                  "cust_vpc"
                ]
              }
            ],
            "id": "vpc-0b354fa5959a8d536",
            "instance_tenancy": "default",
            "ipv6_association_id": "",
            "ipv6_cidr_block": "",
            "main_route_table_id": "rtb-05471ef0d1c4930cb",
            "owner_id": "905418319365",
            "state": null,
            "tags": {
              "Name": "cust_vpc"
            },
            "timeouts": null
          },
          "sensitive_attributes": []
        }
      ]
    },
    {
      "mode": "managed",
      "type": "aws_instance",
      "name": "dev",
      "provider": "provider[\"registry.terraform.io/hashicorp/aws\"]",
      "instances": [
        {
          "schema_version": 1,
          "attributes": {
            "ami": "ami-0649bea3443ede307",
            "arn": "arn:aws:ec2:us-east-2:905418319365:instance/i-0ab6268d2376b355c",
            "associate_public_ip_address": false,
            "availability_zone": "us-east-2b",
            "capacity_reservation_specification": [
              {
                "capacity_reservation_preference": "open",
                "capacity_reservation_target": []
              }
            ],
            "cpu_core_count": 1,
            "cpu_options": [
              {
                "amd_sev_snp": "",
                "core_count": 1,
                "threads_per_core": 1
              }
            ],
            "cpu_threads_per_core": 1,
            "credit_specification": [
              {
                "cpu_credits": "standard"
              }
            ],
            "disable_api_stop": false,
            "disable_api_termination": false,
            "ebs_block_device": [],
            "ebs_optimized": false,
            "enclave_options": [
              {
                "enabled": false
              }
            ],
            "ephemeral_block_device": [],
            "get_password_data": false,
            "hibernation": false,
            "host_id": "",
            "host_resource_group_arn": null,
            "iam_instance_profile": "",
            "id": "i-0ab6268d2376b355c",
            "instance_initiated_shutdown_behavior": "stop",
            "instance_lifecycle": "",
            "instance_market_options": [],
            "instance_state": "running",
            "instance_type": "t2.micro",
            "ipv6_address_count": 0,
            "ipv6_addresses": [],
            "key_name": "public-1",
            "launch_template": [],
            "maintenance_options": [
              {
                "auto_recovery": "default"
              }
            ],
            "metadata_options": [
              {
                "http_endpoint": "enabled",
                "http_protocol_ipv6": "disabled",
                "http_put_response_hop_limit": 2,
                "http_tokens": "required",
                "instance_metadata_tags": "disabled"
              }
            ],
            "monitoring": false,
            "network_interface": [],
            "outpost_arn": "",
            "password_data": "",
            "placement_group": "",
            "placement_partition_number": 0,
            "primary_network_interface_id": "eni-0308179e44ec1fdde",
            "private_dns": "ip-10-0-0-202.us-east-2.compute.internal",
            "private_dns_name_options": [
              {
                "enable_resource_name_dns_a_record": false,
                "enable_resource_name_dns_aaaa_record": false,
                "hostname_type": "ip-name"
              }
            ],
            "private_ip": "10.0.0.202",
            "public_dns": "",
            "public_ip": "",
            "root_block_device": [
              {
                "delete_on_termination": true,
                "device_name": "/dev/xvda",
                "encrypted": false,
                "iops": 3000,
                "kms_key_id": "",
                "tags": {},
                "tags_all": {},
                "throughput": 125,
                "volume_id": "vol-038f10823fb66ed27",
                "volume_size": 8,
                "volume_type": "gp3"
              }
            ],
            "secondary_private_ips": [],
            "security_groups": [],
            "source_dest_check": true,
            "spot_instance_request_id": "",
            "subnet_id": "subnet-0605f257ff8cdd5cc",
            "tags": {
              "Name": "DataSource-Instance"
            },
            "tags_all": {
              "Name": "DataSource-Instance"
            },
            "tenancy": "default",
            "timeouts": null,
            "user_data": null,
            "user_data_base64": null,
            "user_data_replace_on_change": false,
            "volume_tags": null,
            "vpc_security_group_ids": [
              "sg-04f3d07e56a5396f6"
            ]
          },
          "sensitive_attributes": [],
          "private": "eyJlMmJmYjczMC1lY2FhLTExZTYtOGY4OC0zNDM2M2JjN2M0YzAiOnsiY3JlYXRlIjo2MDAwMDAwMDAwMDAsImRlbGV0ZSI6MTIwMDAwMDAwMDAwMCwicmVhZCI6OTAwMDAwMDAwMDAwLCJ1cGRhdGUiOjYwMDAwMDAwMDAwMH0sInNjaGVtYV92ZXJzaW9uIjoiMSJ9",
          "dependencies": [
            "data.aws_ami.amzlinux",
            "data.aws_ec2_instance_type_offering.t2-micro",
            "data.aws_security_group.sg-1",
            "data.aws_subnet.subnet"
          ]
        }
      ]
    }
  ],
  "check_results": null
}
